// !$*UTF8*$!
{
	archiveVersion = 1;
	classes = {
	};
	objectVersion = 50;
	objects = {

/* Begin PBXBuildFile section */
		A00B18AE241CF40200562B73 /* CustomCell.swift in Sources */ = {isa = PBXBuildFile; fileRef = A00B18AC241CF40200562B73 /* CustomCell.swift */; };
		A00B18AF241CF40200562B73 /* CustomCell.xib in Resources */ = {isa = PBXBuildFile; fileRef = A00B18AD241CF40200562B73 /* CustomCell.xib */; };
		A09A3D02241EB9A900A03848 /* User.swift in Sources */ = {isa = PBXBuildFile; fileRef = A09A3D01241EB9A900A03848 /* User.swift */; };
		A0F2F5B6240AE55300987BED /* AppDelegate.swift in Sources */ = {isa = PBXBuildFile; fileRef = A0F2F5B5240AE55300987BED /* AppDelegate.swift */; };
		A0F2F5B8240AE55300987BED /* SceneDelegate.swift in Sources */ = {isa = PBXBuildFile; fileRef = A0F2F5B7240AE55300987BED /* SceneDelegate.swift */; };
		A0F2F5BA240AE55300987BED /* ViewController.swift in Sources */ = {isa = PBXBuildFile; fileRef = A0F2F5B9240AE55300987BED /* ViewController.swift */; };
		A0F2F5BD240AE55300987BED /* Main.storyboard in Resources */ = {isa = PBXBuildFile; fileRef = A0F2F5BB240AE55300987BED /* Main.storyboard */; };
		A0F2F5BF240AE55500987BED /* Assets.xcassets in Resources */ = {isa = PBXBuildFile; fileRef = A0F2F5BE240AE55500987BED /* Assets.xcassets */; };
		A0F2F5C2240AE55500987BED /* LaunchScreen.storyboard in Resources */ = {isa = PBXBuildFile; fileRef = A0F2F5C0240AE55500987BED /* LaunchScreen.storyboard */; };
/* End PBXBuildFile section */

/* Begin PBXFileReference section */
		A00B18AC241CF40200562B73 /* CustomCell.swift */ = {isa = PBXFileReference; lastKnownFileType = sourcecode.swift; path = CustomCell.swift; sourceTree = "<group>"; };
		A00B18AD241CF40200562B73 /* CustomCell.xib */ = {isa = PBXFileReference; lastKnownFileType = file.xib; path = CustomCell.xib; sourceTree = "<group>"; };
		A09A3D01241EB9A900A03848 /* User.swift */ = {isa = PBXFileReference; lastKnownFileType = sourcecode.swift; path = User.swift; sourceTree = "<group>"; };
		A0F2F5B2240AE55300987BED /* RefreshState.app */ = {isa = PBXFileReference; explicitFileType = wrapper.application; includeInIndex = 0; path = RefreshState.app; sourceTree = BUILT_PRODUCTS_DIR; };
		A0F2F5B5240AE55300987BED /* AppDelegate.swift */ = {isa = PBXFileReference; lastKnownFileType = sourcecode.swift; path = AppDelegate.swift; sourceTree = "<group>"; };
		A0F2F5B7240AE55300987BED /* SceneDelegate.swift */ = {isa = PBXFileReference; lastKnownFileType = sourcecode.swift; path = SceneDelegate.swift; sourceTree = "<group>"; };
		A0F2F5B9240AE55300987BED /* ViewController.swift */ = {isa = PBXFileReference; lastKnownFileType = sourcecode.swift; path = ViewController.swift; sourceTree = "<group>"; };
		A0F2F5BC240AE55300987BED /* Base */ = {isa = PBXFileReference; lastKnownFileType = file.storyboard; name = Base; path = Base.lproj/Main.storyboard; sourceTree = "<group>"; };
		A0F2F5BE240AE55500987BED /* Assets.xcassets */ = {isa = PBXFileReference; lastKnownFileType = folder.assetcatalog; path = Assets.xcassets; sourceTree = "<group>"; };
		A0F2F5C1240AE55500987BED /* Base */ = {isa = PBXFileReference; lastKnownFileType = file.storyboard; name = Base; path = Base.lproj/LaunchScreen.storyboard; sourceTree = "<group>"; };
		A0F2F5C3240AE55500987BED /* Info.plist */ = {isa = PBXFileReference; lastKnownFileType = text.plist.xml; path = Info.plist; sourceTree = "<group>"; };
/* End PBXFileReference section */

/* Begin PBXFrameworksBuildPhase section */
		A0F2F5AF240AE55300987BED /* Frameworks */ = {
			isa = PBXFrameworksBuildPhase;
			buildActionMask = 2147483647;
			files = (
			);
			runOnlyForDeploymentPostprocessing = 0;
		};
/* End PBXFrameworksBuildPhase section */

/* Begin PBXGroup section */
		A00B18AB241CF3B400562B73 /* Cell */ = {
			isa = PBXGroup;
			children = (
				A00B18AC241CF40200562B73 /* CustomCell.swift */,
				A00B18AD241CF40200562B73 /* CustomCell.xib */,
			);
			path = Cell;
			sourceTree = "<group>";
		};
		A09A3D00241EB86200A03848 /* Model */ = {
			isa = PBXGroup;
			children = (
				A09A3D01241EB9A900A03848 /* User.swift */,
			);
			path = Model;
			sourceTree = "<group>";
		};
		A0F2F5A9240AE55300987BED = {
			isa = PBXGroup;
			children = (
				A0F2F5B4240AE55300987BED /* RefreshState */,
				A0F2F5B3240AE55300987BED /* Products */,
			);
			sourceTree = "<group>";
		};
		A0F2F5B3240AE55300987BED /* Products */ = {
			isa = PBXGroup;
			children = (
				A0F2F5B2240AE55300987BED /* RefreshState.app */,
			);
			name = Products;
			sourceTree = "<group>";
		};
		A0F2F5B4240AE55300987BED /* RefreshState */ = {
			isa = PBXGroup;
			children = (
				A09A3D00241EB86200A03848 /* Model */,
				A00B18AB241CF3B400562B73 /* Cell */,
				A0F2F5B5240AE55300987BED /* AppDelegate.swift */,
				A0F2F5B7240AE55300987BED /* SceneDelegate.swift */,
				A0F2F5B9240AE55300987BED /* ViewController.swift */,
				A0F2F5BB240AE55300987BED /* Main.storyboard */,
				A0F2F5BE240AE55500987BED /* Assets.xcassets */,
				A0F2F5C0240AE55500987BED /* LaunchScreen.storyboard */,
				A0F2F5C3240AE55500987BED /* Info.plist */,
			);
			path = RefreshState;
			sourceTree = "<group>";
		};
/* End PBXGroup section */

/* Begin PBXNativeTarget section */
		A0F2F5B1240AE55300987BED /* RefreshState */ = {
			isa = PBXNativeTarget;
			buildConfigurationList = A0F2F5C6240AE55500987BED /* Build configuration list for PBXNativeTarget "RefreshState" */;
			buildPhases = (
				A0F2F5AE240AE55300987BED /* Sources */,
				A0F2F5AF240AE55300987BED /* Frameworks */,
				A0F2F5B0240AE55300987BED /* Resources */,
			);
			buildRules = (
			);
			dependencies = (
			);
			name = RefreshState;
			productName = RefreshState;
			productReference = A0F2F5B2240AE55300987BED /* RefreshState.app */;
			productType = "com.apple.product-type.application";
		};
/* End PBXNativeTarget section */

/* Begin PBXProject section */
		A0F2F5AA240AE55300987BED /* Project object */ = {
			isa = PBXProject;
			attributes = {
				LastSwiftUpdateCheck = 1130;
				LastUpgradeCheck = 1130;
				ORGANIZATIONNAME = "Hamburger Studio";
				TargetAttributes = {
					A0F2F5B1240AE55300987BED = {
						CreatedOnToolsVersion = 11.3.1;
					};
				};
			};
			buildConfigurationList = A0F2F5AD240AE55300987BED /* Build configuration list for PBXProject "RefreshState" */;
			compatibilityVersion = "Xcode 9.3";
			developmentRegion = en;
			hasScannedForEncodings = 0;
			knownRegions = (
				en,
				Base,
			);
			mainGroup = A0F2F5A9240AE55300987BED;
			productRefGroup = A0F2F5B3240AE55300987BED /* Products */;
			projectDirPath = "";
			projectRoot = "";
			targets = (
				A0F2F5B1240AE55300987BED /* RefreshState */,
			);
		};
/* End PBXProject section */

/* Begin PBXResourcesBuildPhase section */
		A0F2F5B0240AE55300987BED /* Resources */ = {
			isa = PBXResourcesBuildPhase;
			buildActionMask = 2147483647;
			files = (
				A0F2F5C2240AE55500987BED /* LaunchScreen.storyboard in Resources */,
				A0F2F5BF240AE55500987BED /* Assets.xcassets in Resources */,
				A00B18AF241CF40200562B73 /* CustomCell.xib in Resources */,
				A0F2F5BD240AE55300987BED /* Main.storyboard in Resources */,
			);
			runOnlyForDeploymentPostprocessing = 0;
		};
/* End PBXResourcesBuildPhase section */

/* Begin PBXSourcesBuildPhase section */
		A0F2F5AE240AE55300987BED /* Sources */ = {
			isa = PBXSourcesBuildPhase;
			buildActionMask = 2147483647;
			files = (
				A0F2F5BA240AE55300987BED /* ViewController.swift in Sources */,
				A0F2F5B6240AE55300987BED /* AppDelegate.swift in Sources */,
				A00B18AE241CF40200562B73 /* CustomCell.swift in Sources */,
				A09A3D02241EB9A900A03848 /* User.swift in Sources */,
				A0F2F5B8240AE55300987BED /* SceneDelegate.swift in Sources */,
			);
			runOnlyForDeploymentPostprocessing = 0;
		};
/* End PBXSourcesBuildPhase section */

/* Begin PBXVariantGroup section */
		A0F2F5BB240AE55300987BED /* Main.storyboard */ = {
			isa = PBXVariantGroup;
			children = (
				A0F2F5BC240AE55300987BED /* Base */,
			);
			name = Main.storyboard;
			sourceTree = "<group>";
		};
		A0F2F5C0240AE55500987BED /* LaunchScreen.storyboard */ = {
			isa = PBXVariantGroup;
			children = (
				A0F2F5C1240AE55500987BED /* Base */,
			);
			name = LaunchScreen.storyboard;
			sourceTree = "<group>";
		};
/* End PBXVariantGroup section */

/* Begin XCBuildConfiguration section */
		A0F2F5C4240AE55500987BED /* Debug */ = {
			isa = XCBuildConfiguration;
			buildSettings = {
				ALWAYS_SEARCH_USER_PATHS = NO;
				CLANG_ANALYZER_NONNULL = YES;
				CLANG_ANALYZER_NUMBER_OBJECT_CONVERSION = YES_AGGRESSIVE;
				CLANG_CXX_LANGUAGE_STANDARD = "gnu++14";
				CLANG_CXX_LIBRARY = "libc++";
				CLANG_ENABLE_MODULES = YES;
				CLANG_ENABLE_OBJC_ARC = YES;
				CLANG_ENABLE_OBJC_WEAK = YES;
				CLANG_WARN_BLOCK_CAPTURE_AUTORELEASING = YES;
				CLANG_WARN_BOOL_CONVERSION = YES;
				CLANG_WARN_COMMA = YES;
				CLANG_WARN_CONSTANT_CONVERSION = YES;
				CLANG_WARN_DEPRECATED_OBJC_IMPLEMENTATIONS = YES;
				CLANG_WARN_DIRECT_OBJC_ISA_USAGE = YES_ERROR;
				CLANG_WARN_DOCUMENTATION_COMMENTS = YES;
				CLANG_WARN_EMPTY_BODY = YES;
				CLANG_WARN_ENUM_CONVERSION = YES;
				CLANG_WARN_INFINITE_RECURSION = YES;
				CLANG_WARN_INT_CONVERSION = YES;
				CLANG_WARN_NON_LITERAL_NULL_CONVERSION = YES;
				CLANG_WARN_OBJC_IMPLICIT_RETAIN_SELF = YES;
				CLANG_WARN_OBJC_LITERAL_CONVERSION = YES;
				CLANG_WARN_OBJC_ROOT_CLASS = YES_ERROR;
				CLANG_WARN_RANGE_LOOP_ANALYSIS = YES;
				CLANG_WARN_STRICT_PROTOTYPES = YES;
				CLANG_WARN_SUSPICIOUS_MOVE = YES;
				CLANG_WARN_UNGUARDED_AVAILABILITY = YES_AGGRESSIVE;
				CLANG_WARN_UNREACHABLE_CODE = YES;
				CLANG_WARN__DUPLICATE_METHOD_MATCH = YES;
				COPY_PHASE_STRIP = NO;
				DEBUG_INFORMATION_FORMAT = dwarf;
				ENABLE_STRICT_OBJC_MSGSEND = YES;
				ENABLE_TESTABILITY = YES;
				GCC_C_LANGUAGE_STANDARD = gnu11;
				GCC_DYNAMIC_NO_PIC = NO;
				GCC_NO_COMMON_BLOCKS = YES;
				GCC_OPTIMIZATION_LEVEL = 0;
				GCC_PREPROCESSOR_DEFINITIONS = (
					"DEBUG=1",
					"$(inherited)",
				);
				GCC_WARN_64_TO_32_BIT_CONVERSION = YES;
				GCC_WARN_ABOUT_RETURN_TYPE = YES_ERROR;
				GCC_WARN_UNDECLARED_SELECTOR = YES;
				GCC_WARN_UNINITIALIZED_AUTOS = YES_AGGRESSIVE;
				GCC_WARN_UNUSED_FUNCTION = YES;
				GCC_WARN_UNUSED_VARIABLE = YES;
				IPHONEOS_DEPLOYMENT_TARGET = 13.2;
				MTL_ENABLE_DEBUG_INFO = INCLUDE_SOURCE;
				MTL_FAST_MATH = YES;
				ONLY_ACTIVE_ARCH = YES;
				SDKROOT = iphoneos;
				SWIFT_ACTIVE_COMPILATION_CONDITIONS = DEBUG;
				SWIFT_OPTIMIZATION_LEVEL = "-Onone";
			};
			name = Debug;
		};
		A0F2F5C5240AE55500987BED /* Release */ = {
			isa = XCBuildConfiguration;
			buildSettings = {
				ALWAYS_SEARCH_USER_PATHS = NO;
				CLANG_ANALYZER_NONNULL = YES;
				CLANG_ANALYZER_NUMBER_OBJECT_CONVERSION = YES_AGGRESSIVE;
				CLANG_CXX_LANGUAGE_STANDARD = "gnu++14";
				CLANG_CXX_LIBRARY = "libc++";
				CLANG_ENABLE_MODULES = YES;
				CLANG_ENABLE_OBJC_ARC = YES;
				CLANG_ENABLE_OBJC_WEAK = YES;
				CLANG_WARN_BLOCK_CAPTURE_AUTORELEASING = YES;
				CLANG_WARN_BOOL_CONVERSION = YES;
				CLANG_WARN_COMMA = YES;
				CLANG_WARN_CONSTANT_CONVERSION = YES;
				CLANG_WARN_DEPRECATED_OBJC_IMPLEMENTATIONS = YES;
				CLANG_WARN_DIRECT_OBJC_ISA_USAGE = YES_ERROR;
				CLANG_WARN_DOCUMENTATION_COMMENTS = YES;
				CLANG_WARN_EMPTY_BODY = YES;
				CLANG_WARN_ENUM_CONVERSION = YES;
				CLANG_WARN_INFINITE_RECURSION = YES;
				CLANG_WARN_INT_CONVERSION = YES;
				CLANG_WARN_NON_LITERAL_NULL_CONVERSION = YES;
				CLANG_WARN_OBJC_IMPLICIT_RETAIN_SELF = YES;
				CLANG_WARN_OBJC_LITERAL_CONVERSION = YES;
				CLANG_WARN_OBJC_ROOT_CLASS = YES_ERROR;
				CLANG_WARN_RANGE_LOOP_ANALYSIS = YES;
				CLANG_WARN_STRICT_PROTOTYPES = YES;
				CLANG_WARN_SUSPICIOUS_MOVE = YES;
				CLANG_WARN_UNGUARDED_AVAILABILITY = YES_AGGRESSIVE;
				CLANG_WARN_UNREACHABLE_CODE = YES;
				CLANG_WARN__DUPLICATE_METHOD_MATCH = YES;
				COPY_PHASE_STRIP = NO;
				DEBUG_INFORMATION_FORMAT = "dwarf-with-dsym";
				ENABLE_NS_ASSERTIONS = NO;
				ENABLE_STRICT_OBJC_MSGSEND = YES;
				GCC_C_LANGUAGE_STANDARD = gnu11;
				GCC_NO_COMMON_BLOCKS = YES;
				GCC_WARN_64_TO_32_BIT_CONVERSION = YES;
				GCC_WARN_ABOUT_RETURN_TYPE = YES_ERROR;
				GCC_WARN_UNDECLARED_SELECTOR = YES;
				GCC_WARN_UNINITIALIZED_AUTOS = YES_AGGRESSIVE;
				GCC_WARN_UNUSED_FUNCTION = YES;
				GCC_WARN_UNUSED_VARIABLE = YES;
				IPHONEOS_DEPLOYMENT_TARGET = 13.2;
				MTL_ENABLE_DEBUG_INFO = NO;
				MTL_FAST_MATH = YES;
				SDKROOT = iphoneos;
				SWIFT_COMPILATION_MODE = wholemodule;
				SWIFT_OPTIMIZATION_LEVEL = "-O";
				VALIDATE_PRODUCT = YES;
			};
			name = Release;
		};
		A0F2F5C7240AE55500987BED /* Debug */ = {
			isa = XCBuildConfiguration;
			buildSettings = {
				ASSETCATALOG_COMPILER_APPICON_NAME = AppIcon;
				CODE_SIGN_STYLE = Automatic;
				DEVELOPMENT_TEAM = 45M64WD4NB;
				INFOPLIST_FILE = RefreshState/Info.plist;
				LD_RUNPATH_SEARCH_PATHS = (
					"$(inherited)",
					"@executable_path/Frameworks",
				);
				PRODUCT_BUNDLE_IDENTIFIER = "com.Hamburger-Studio.RefreshState";
				PRODUCT_NAME = "$(TARGET_NAME)";
				SWIFT_VERSION = 5.0;
				TARGETED_DEVICE_FAMILY = "1,2";
			};
			name = Debug;
		};
		A0F2F5C8240AE55500987BED /* Release */ = {
			isa = XCBuildConfiguration;
			buildSettings = {
				ASSETCATALOG_COMPILER_APPICON_NAME = AppIcon;
				CODE_SIGN_STYLE = Automatic;
				DEVELOPMENT_TEAM = 45M64WD4NB;
				INFOPLIST_FILE = RefreshState/Info.plist;
				LD_RUNPATH_SEARCH_PATHS = (
					"$(inherited)",
					"@executable_path/Frameworks",
				);
				PRODUCT_BUNDLE_IDENTIFIER = "com.Hamburger-Studio.RefreshState";
				PRODUCT_NAME = "$(TARGET_NAME)";
				SWIFT_VERSION = 5.0;
				TARGETED_DEVICE_FAMILY = "1,2";
			};
			name = Release;
		};
/* End XCBuildConfiguration section */

/* Begin XCConfigurationList section */
		A0F2F5AD240AE55300987BED /* Build configuration list for PBXProject "RefreshState" */ = {
			isa = XCConfigurationList;
			buildConfigurations = (
				A0F2F5C4240AE55500987BED /* Debug */,
				A0F2F5C5240AE55500987BED /* Release */,
			);
			defaultConfigurationIsVisible = 0;
			defaultConfigurationName = Release;
		};
		A0F2F5C6240AE55500987BED /* Build configuration list for PBXNativeTarget "RefreshState" */ = {
			isa = XCConfigurationList;
			buildConfigurations = (
				A0F2F5C7240AE55500987BED /* Debug */,
				A0F2F5C8240AE55500987BED /* Release */,
			);
			defaultConfigurationIsVisible = 0;
			defaultConfigurationName = Release;
		};
/* End XCConfigurationList section */
	};
	rootObject = A0F2F5AA240AE55300987BED /* Project object */;
}
